
Microsoft Visual Studio Solution File, Format Version 12.00
# Visual Studio Version 16
VisualStudioVersion = 16.0.32602.291
MinimumVisualStudioVersion = 10.0.40219.1
Project("{FAE04EC0-301F-11D3-BF4B-00C04F79EFBC}") = "Restful+Ajax", "Restful+Ajax\Restful+Ajax.csproj", "{9B21D885-7451-42B3-B0C0-A2D3F9764D07}"
EndProject
Global
	GlobalSection(SolutionConfigurationPlatforms) = preSolution
		Debug|Any CPU = Debug|Any CPU
		Release|Any CPU = Release|Any CPU
	EndGlobalSection
	GlobalSection(ProjectConfigurationPlatforms) = postSolution
		{9B21D885-7451-42B3-B0C0-A2D3F9764D07}.Debug|Any CPU.ActiveCfg = Debug|Any CPU
		{9B21D885-7451-42B3-B0C0-A2D3F9764D07}.Debug|Any CPU.Build.0 = Debug|Any CPU
		{9B21D885-7451-42B3-B0C0-A2D3F9764D07}.Release|Any CPU.ActiveCfg = Release|Any CPU
		{9B21D885-7451-42B3-B0C0-A2D3F9764D07}.Release|Any CPU.Build.0 = Release|Any CPU
	EndGlobalSection
	GlobalSection(SolutionProperties) = preSolution
		HideSolutionNode = FALSE
	EndGlobalSection
	GlobalSection(ExtensibilityGlobals) = postSolution
		SolutionGuid = {AC168EFE-8E41-4168-9E15-7AB8F0225647}
	EndGlobalSection
EndGlobal
